<Solution>
  <Project Path="Quantex.Core.SourceGeneration/Quantex.Core.SourceGeneration.csproj" />
  <Project Path="Quantex.Core/Quantex.Core.csproj" />
  <Project Path="Quantex.Example/Quantex.Example.csproj" Id="005c8e24-930b-4abf-b190-a309264d0303" />
  <Project Path="Quantex.API/Quantex.API.csproj" Id="16731316-b702-4b7e-877d-e41cdcf18afb" />
  <Project Path="Quantex.Core.Tests/Quantex.Core.Tests.csproj" Id="b77db0e2-5da5-4c83-823e-6fd110b7b6c8" />
</Solution>
